
Microsoft Visual Studio Solution File, Format Version 12.00
# Visual Studio 15
VisualStudioVersion = 15.0.27428.2037
MinimumVisualStudioVersion = 10.0.40219.1
Project("{FAE04EC0-301F-11D3-BF4B-00C04F79EFBC}") = "AFToSPWeb", "AFToSPWeb\AFToSPWeb.csproj", "{B4060558-DECB-4484-95C7-C0624F03A983}"
EndProject
Global
	GlobalSection(SolutionConfigurationPlatforms) = preSolution
		Debug|Any CPU = Debug|Any CPU
		Release|Any CPU = Release|Any CPU
	EndGlobalSection
	GlobalSection(ProjectConfigurationPlatforms) = postSolution
		{B4060558-DECB-4484-95C7-C0624F03A983}.Debug|Any CPU.ActiveCfg = Debug|Any CPU
		{B4060558-DECB-4484-95C7-C0624F03A983}.Debug|Any CPU.Build.0 = Debug|Any CPU
		{B4060558-DECB-4484-95C7-C0624F03A983}.Release|Any CPU.ActiveCfg = Release|Any CPU
		{B4060558-DECB-4484-95C7-C0624F03A983}.Release|Any CPU.Build.0 = Release|Any CPU
	EndGlobalSection
	GlobalSection(SolutionProperties) = preSolution
		HideSolutionNode = FALSE
	EndGlobalSection
	GlobalSection(ExtensibilityGlobals) = postSolution
		SolutionGuid = {651428EA-B331-4608-8CC1-9378C3B57F67}
	EndGlobalSection
EndGlobal
